{
  "version": 4,
  "terraform_version": "0.12.24",
  "serial": 5,
  "lineage": "6ff7abfc-fcc5-852d-92d6-e0ee65032c56",
  "outputs": {},
  "resources": [
    {
      "mode": "data",
      "type": "terraform_remote_state",
      "name": "local",
      "provider": "provider.terraform",
      "instances": [
        {
          "schema_version": 0,
          "attributes": {
            "backend": "local",
            "config": {
              "value": {
                "path": "terraform.tfstate"
              },
              "type": [
                "object",
                {
                  "path": "string"
                }
              ]
            },
            "defaults": null,
            "outputs": {
              "value": {
                "google_compute_instance_hurra-build_self_link": "https://www.googleapis.com/compute/v1/projects/hurracloud/zones/us-central1-a/instances/hurra-build",
                "google_storage_bucket_acl_hurracloud-build-yocto_id": "hurracloud-build-yocto",
                "google_storage_bucket_hurracloud-build-yocto_self_link": "https://www.googleapis.com/storage/v1/b/hurracloud-build-yocto",
                "google_storage_bucket_iam_binding_hurracloud-build-yocto_id": "hurracloud-build-yocto",
                "google_storage_bucket_iam_policy_hurracloud-build-yocto_id": "hurracloud-build-yocto",
                "google_storage_default_object_acl_hurracloud-build-yocto_id": "hurracloud-build-yocto"
              },
              "type": [
                "object",
                {
                  "google_compute_instance_hurra-build_self_link": "string",
                  "google_storage_bucket_acl_hurracloud-build-yocto_id": "string",
                  "google_storage_bucket_hurracloud-build-yocto_self_link": "string",
                  "google_storage_bucket_iam_binding_hurracloud-build-yocto_id": "string",
                  "google_storage_bucket_iam_policy_hurracloud-build-yocto_id": "string",
                  "google_storage_default_object_acl_hurracloud-build-yocto_id": "string"
                }
              ]
            },
            "workspace": "default"
          }
        }
      ]
    },
    {
      "mode": "managed",
      "type": "google_compute_instance",
      "name": "hurra-build",
      "provider": "provider.google",
      "instances": [
        {
          "schema_version": 6,
          "attributes": {
            "allow_stopping_for_update": null,
            "attached_disk": [],
            "boot_disk": [
              {
                "auto_delete": true,
                "device_name": "hurra-build",
                "disk_encryption_key_raw": "",
                "disk_encryption_key_sha256": "",
                "initialize_params": [
                  {
                    "image": "https://www.googleapis.com/compute/v1/projects/ubuntu-os-cloud/global/images/ubuntu-1604-xenial-v20200807",
                    "labels": {},
                    "size": 10,
                    "type": "pd-standard"
                  }
                ],
                "kms_key_self_link": "",
                "mode": "READ_WRITE",
                "source": "https://www.googleapis.com/compute/v1/projects/hurracloud/zones/us-central1-a/disks/hurra-build"
              }
            ],
            "can_ip_forward": false,
            "cpu_platform": "Intel Haswell",
            "current_status": "RUNNING",
            "deletion_protection": false,
            "description": "",
            "desired_status": null,
            "enable_display": false,
            "guest_accelerator": [],
            "hostname": "",
            "id": "projects/hurracloud/zones/us-central1-a/instances/hurra-build",
            "instance_id": "6817520716333562197",
            "label_fingerprint": "42WmSpB8rSM=",
            "labels": {},
            "machine_type": "n1-standard-8",
            "metadata": {
              "bitbucket-key": "-----BEGIN OPENSSH PRIVATE KEY-----\nb3BlbnNzaC1rZXktdjEAAAAABG5vbmUAAAAEbm9uZQAAAAAAAAABAAABlwAAAAdzc2gtcn\nNhAAAAAwEAAQAAAYEA4EaCS/RUsC0O1ohzfrJVZOe3VTW0iPEB/M90r5NBWn9NV2oN2rP2\nCp2QNHIm9GUsaweKMLiNvKFKItpHiElCbdfOKYCxlbhs98ZymgksRN+6Bdi4spKhSHfdK5\nuMdvwNFmrBoLp4KP6e6e+cjb7KRlnl1fKhK1JYZ8s8FeFnjaFqQWeH4CiEoYKsT1Q93yCz\n8Fr6SGIvBTBzdKei5GAG9QLg+gYhyC1cRPbDGZjEADkmy78GQE4T2olNvxcNTNmyDLjAcW\nNyW1bwUd8M5SjVEmygTRCCnHjaW/NMvHOnNdww+32McoQrEqOD+gPxc2XXYckkdRYvt+Am\nsHxcG9xm8gBAKfKs2gwYJZqmx46Z8iYf/AkKDmVSPuTqecLQyhtnUTAunS6urZ8wCgInWv\nCRY1tDMYclfe64Vi2+d4QLhODTNLi9s2IwwZuUXkfu+gbGPTKkaIGgZ9jOmtnct/UzZeHA\nhzfyqs3dLj8vJBa0sClyepfG9q7jCSm+zuV8pzb3AAAFkMOBdG/DgXRvAAAAB3NzaC1yc2\nEAAAGBAOBGgkv0VLAtDtaIc36yVWTnt1U1tIjxAfzPdK+TQVp/TVdqDdqz9gqdkDRyJvRl\nLGsHijC4jbyhSiLaR4hJQm3XzimAsZW4bPfGcpoJLETfugXYuLKSoUh33SubjHb8DRZqwa\nC6eCj+nunvnI2+ykZZ5dXyoStSWGfLPBXhZ42hakFnh+AohKGCrE9UPd8gs/Ba+khiLwUw\nc3SnouRgBvUC4PoGIcgtXET2wxmYxAA5Jsu/BkBOE9qJTb8XDUzZsgy4wHFjcltW8FHfDO\nUo1RJsoE0Qgpx42lvzTLxzpzXcMPt9jHKEKxKjg/oD8XNl12HJJHUWL7fgJrB8XBvcZvIA\nQCnyrNoMGCWapseOmfImH/wJCg5lUj7k6nnC0MobZ1EwLp0urq2fMAoCJ1rwkWNbQzGHJX\n3uuFYtvneEC4Tg0zS4vbNiMMGblF5H7voGxj0ypGiBoGfYzprZ3Lf1M2XhwIc38qrN3S4/\nLyQWtLApcnqXxvau4wkpvs7lfKc29wAAAAMBAAEAAAGBAJvLnzvQMPxpcINLKp/6liOQa+\nS/d/ghI7ZRDsfgzWdmQ33T6Gfi16osJj6ohbMEjUSUakTKD3vXtz5az5I3AfR4E3j1M2fE\nQ74jlvy2HpCBsiHZmQRDo9JJodRnK76D/TtzUaqrnkksB4yOrPwyayVP0b872wXTICKKJe\nU1PdA/LybcGqF2xBvGQJii9pAHkbgIGxEpU2yRacLBqQBoTKzrIQnONK1wBUbK/GDNpGpb\nST4EJv2Iv3XyJ5X1F4IpPp9oTMBlfLN6IXmBRicjLPDR6q1oJ6Efx1bg01yZ1LE449+TeG\nEyoScJOtXyqrO2CW7+DIVjEzqLfHG6/vdyhemp3TSv7HjtuEbS/nXpcJLJL96wtVMz23LC\nciDaqwnujKWsR+cjq88+dvHe4t0xBUPmHxdBqv09bX4EUc8SUteb2Y2dFvVLUM8Gw9EE+Y\nVPA66DtCMoUyBmXiJmJLGng7psypPfuVSKnPKDMrjcBYxi/Zhf4L6Raxjhp/aYCfy8gQAA\nAMEA7MbThKQTBN92lfvNHHj1CAH+AUTqv8ys1cCPCWf4jCE7cLl16vmHMLmyI1wJMGvF9j\n+O1HI7y9OruaRoNlHvGeD6LZVsqk4LrR8PDdf8OecdWa+oYLpVDXSU49bLdxvJhElFTsoB\nxspv/fpVGPncBYgds+Ngmv3CZkIF+psy0Cs1JwxmNeHmDXa4TeBOyos/FzuNLyZLHAwgb/\nWDWmM9QVMzpIfeLm0QeU17vbhxDArOOy3QISmBI83hfGk4NRCpAAAAwQD01B574W0XOYiy\n+7dMjDojKFawhQlniRnvB02oHGHdkJXU9DBhpeGvvHV+xuk7AOyF9UAHMBNLUYsBXHfY3M\ngR8y5E8Hn/RxysL4+mLY3nUcSFQtW6vRWLHsKEhnjXz0BvL0xv49xqxsPeSMDuXpyKVG6X\nmlR4L9j6lAE9d6U+DYuWmMbsFC/qZArw5D5PKSDBGrXUK9ThMkHNxQf+NE8uA2CuSdUKbt\n9c9HaeowUz2sbsxbYi7eV6Xk3IxbsmDCEAAADBAOqCTiABozzbNv5ddcfiQNRCb0pc/3Jp\niRQhmFM2Xj0DnLjvAQ6RgY1md4PyI6L+chzHMqxRdwbL3H1in5bU2r0CPv088WKLkwbSib\nyObzjrFRivK/5nRlNcJK2O9alYS26fSlI0gNgGu9w/VvLf1ar0NlXV6Ab92Qd9iMzBhaG8\nluJ/tkGYfLHKpSxWFDrCbL0LYJy+qlWBy0UlQXTHU+2j18kgmt0uI+zMsATNEacEjpZH4D\nqzp3oNX7nF07ggFwAAABJhaW1hbm5hamphckBwb3Atb3MBAgMEBQYH\n-----END OPENSSH PRIVATE KEY-----\n",
              "user-data": "#cloud-config\n\nusers:\n- name: aimannajjar\n  uid: 2000\nruncmd:\n- apt-get update\n- apt-get install -y gawk wget git-core diffstat unzip texinfo gcc-multilib \\\n       build-essential chrpath socat libsdl1.2-dev xterm\n\nbootcmd:\n- apt-get update\n- apt-get install -y gawk wget git-core diffstat unzip texinfo gcc-multilib build-essential chrpath socat libsdl1.2-dev xterm\n\n- mkdir -p /mnt/hurracloud \u0026\u0026 chown aimannajjar:aimannajjar /mnt/hurracloud \u0026\u0026 cd /mnt/hurracloud\n- mkfs.ext4 /dev/nvme0n1 \u0026\u0026 mount /dev/nvme0n1 /mnt/hurracloud\n- sudo -u aimannajjar bash -c 'curl http://metadata.google.internal/0.1/meta-data/attributes/bitbucket-key -o /home/aimannajjar/.ssh/id_rsa \u0026\u0026 chmod 600 /home/aimannajjar/.ssh/id_rsa \u0026\u0026 echo \u003e\u003e /home/aimannajjar/.ssh/id_rsa'\n- sudo -u aimannajjar bash -c 'git clone --recursive  git@bitbucket.org:aimannajjar/hurracloud.git'\n- [ sh, -c, echo \"========= Starting build =========\" ]\n"
            },
            "metadata_fingerprint": "DDqZA3Hd80I=",
            "metadata_startup_script": "",
            "min_cpu_platform": "",
            "name": "hurra-build",
            "network_interface": [
              {
                "access_config": [
                  {
                    "nat_ip": "35.222.96.191",
                    "network_tier": "PREMIUM",
                    "public_ptr_domain_name": ""
                  }
                ],
                "alias_ip_range": [],
                "name": "nic0",
                "network": "https://www.googleapis.com/compute/v1/projects/hurracloud/global/networks/default",
                "network_ip": "10.128.0.2",
                "subnetwork": "https://www.googleapis.com/compute/v1/projects/hurracloud/regions/us-central1/subnetworks/default",
                "subnetwork_project": "hurracloud"
              }
            ],
            "project": "hurracloud",
            "resource_policies": [],
            "scheduling": [
              {
                "automatic_restart": false,
                "node_affinities": [],
                "on_host_maintenance": "TERMINATE",
                "preemptible": true
              }
            ],
            "scratch_disk": [
              {
                "interface": "NVME"
              }
            ],
            "self_link": "https://www.googleapis.com/compute/v1/projects/hurracloud/zones/us-central1-a/instances/hurra-build",
            "service_account": [
              {
                "email": "647498924470-compute@developer.gserviceaccount.com",
                "scopes": [
                  "https://www.googleapis.com/auth/devstorage.read_only",
                  "https://www.googleapis.com/auth/logging.write",
                  "https://www.googleapis.com/auth/monitoring.write",
                  "https://www.googleapis.com/auth/service.management.readonly",
                  "https://www.googleapis.com/auth/servicecontrol",
                  "https://www.googleapis.com/auth/trace.append"
                ]
              }
            ],
            "shielded_instance_config": [
              {
                "enable_integrity_monitoring": true,
                "enable_secure_boot": false,
                "enable_vtpm": true
              }
            ],
            "tags": [],
            "tags_fingerprint": "42WmSpB8rSM=",
            "timeouts": {
              "create": null,
              "delete": null,
              "update": null
            },
            "zone": "us-central1-a"
          },
          "private": "eyJlMmJmYjczMC1lY2FhLTExZTYtOGY4OC0zNDM2M2JjN2M0YzAiOnsiY3JlYXRlIjoxMjAwMDAwMDAwMDAwLCJkZWxldGUiOjEyMDAwMDAwMDAwMDAsInVwZGF0ZSI6MTIwMDAwMDAwMDAwMH0sInNjaGVtYV92ZXJzaW9uIjoiNiJ9"
        }
      ]
    },
    {
      "mode": "managed",
      "type": "google_storage_bucket",
      "name": "hurracloud-build-yocto",
      "provider": "provider.google",
      "instances": [
        {
          "schema_version": 0,
          "attributes": {
            "bucket_policy_only": false,
            "cors": [],
            "default_event_based_hold": false,
            "encryption": [],
            "force_destroy": false,
            "id": "hurracloud-build-yocto",
            "labels": {},
            "lifecycle_rule": [],
            "location": "US-CENTRAL1",
            "logging": [],
            "name": "hurracloud-build-yocto",
            "project": "hurracloud",
            "requester_pays": false,
            "retention_policy": [],
            "self_link": "https://www.googleapis.com/storage/v1/b/hurracloud-build-yocto",
            "storage_class": "STANDARD",
            "url": "gs://hurracloud-build-yocto",
            "versioning": [],
            "website": []
          }
        }
      ]
    },
    {
      "mode": "managed",
      "type": "google_storage_bucket_acl",
      "name": "hurracloud-build-yocto",
      "provider": "provider.google",
      "instances": [
        {
          "schema_version": 0,
          "attributes": {
            "bucket": "hurracloud-build-yocto",
            "default_acl": null,
            "id": "hurracloud-build-yocto",
            "predefined_acl": null,
            "role_entity": []
          }
        }
      ]
    },
    {
      "mode": "managed",
      "type": "google_storage_bucket_iam_binding",
      "name": "hurracloud-build-yocto",
      "provider": "provider.google",
      "instances": [
        {
          "schema_version": 0,
          "attributes": {
            "bucket": "b/hurracloud-build-yocto",
            "condition": [],
            "etag": "CAM=",
            "id": "b/hurracloud-build-yocto/roles/storage.admin",
            "members": [
              "user:aiman.najjar@hurranet.com"
            ],
            "role": "roles/storage.admin"
          },
          "private": "bnVsbA=="
        }
      ]
    },
    {
      "mode": "managed",
      "type": "google_storage_bucket_iam_policy",
      "name": "hurracloud-build-yocto",
      "provider": "provider.google",
      "instances": [
        {
          "schema_version": 0,
          "attributes": {
            "bucket": "b/hurracloud-build-yocto",
            "etag": "CAE=",
            "id": "hurracloud-build-yocto",
            "policy_data": "{\"bindings\":[{\"members\":[\"projectEditor:hurracloud\",\"projectOwner:hurracloud\"],\"role\":\"roles/storage.legacyBucketOwner\"},{\"members\":[\"projectViewer:hurracloud\"],\"role\":\"roles/storage.legacyBucketReader\"}]}"
          }
        }
      ]
    },
    {
      "mode": "managed",
      "type": "google_storage_default_object_acl",
      "name": "hurracloud-build-yocto",
      "provider": "provider.google",
      "instances": [
        {
          "schema_version": 0,
          "attributes": {
            "bucket": "hurracloud-build-yocto",
            "id": "hurracloud-build-yocto",
            "role_entity": [
              "OWNER:project-editors-647498924470",
              "OWNER:project-owners-647498924470",
              "READER:project-viewers-647498924470"
            ]
          }
        }
      ]
    }
  ]
}
